
Microsoft Visual Studio Solution File, Format Version 12.00
# Visual Studio Version 17
VisualStudioVersion = 17.1.32407.343
MinimumVisualStudioVersion = 10.0.40219.1
Project("{FAE04EC0-301F-11D3-BF4B-00C04F79EFBC}") = "Libanon", "Libanon\Libanon.csproj", "{BABD56E5-D71A-4170-A2EF-0939EB784B78}"
EndProject
Global
	GlobalSection(SolutionConfigurationPlatforms) = preSolution
		Debug|Any CPU = Debug|Any CPU
		Release|Any CPU = Release|Any CPU
	EndGlobalSection
	GlobalSection(ProjectConfigurationPlatforms) = postSolution
		{BABD56E5-D71A-4170-A2EF-0939EB784B78}.Debug|Any CPU.ActiveCfg = Debug|Any CPU
		{BABD56E5-D71A-4170-A2EF-0939EB784B78}.Debug|Any CPU.Build.0 = Debug|Any CPU
		{BABD56E5-D71A-4170-A2EF-0939EB784B78}.Release|Any CPU.ActiveCfg = Release|Any CPU
		{BABD56E5-D71A-4170-A2EF-0939EB784B78}.Release|Any CPU.Build.0 = Release|Any CPU
	EndGlobalSection
	GlobalSection(SolutionProperties) = preSolution
		HideSolutionNode = FALSE
	EndGlobalSection
	GlobalSection(ExtensibilityGlobals) = postSolution
		SolutionGuid = {ED245789-4895-4E2D-8D09-4BD9A96B3623}
	EndGlobalSection
EndGlobal
